
Microsoft Visual Studio Solution File, Format Version 12.00
# Visual Studio 2013
VisualStudioVersion = 12.0.21005.1
MinimumVisualStudioVersion = 10.0.40219.1
Project("{FAE04EC0-301F-11D3-BF4B-00C04F79EFBC}") = "equilibrium", "equilibrium\equilibrium.csproj", "{80E7AC8A-EC13-41D9-A969-F3E45FEC4217}"
EndProject
Project("{2150E333-8FDC-42A3-9474-1A3956D46DE8}") = "Solution Items", "Solution Items", "{4CDAFDF4-5D37-4419-A311-0171FC687FC2}"
EndProject
Project("{8BC9CEB8-8B4A-11D0-8D11-00A0C91BC942}") = "kuntakinte", "kuntakinte\kuntakinte.vcxproj", "{F60304A6-1412-466E-B954-B667812AAF4E}"
EndProject
Project("{8BC9CEB8-8B4A-11D0-8D11-00A0C91BC942}") = "libvideo", "libvideo\libvideo.vcxproj", "{00982CCD-9513-4287-809F-11FB394E44DB}"
EndProject
Project("{8BC9CEB8-8B4A-11D0-8D11-00A0C91BC942}") = "redbox", "redbox\redbox.vcxproj", "{C953E3EB-12F6-4697-B3E3-EB495F606AD9}"
EndProject
Project("{8BC9CEB8-8B4A-11D0-8D11-00A0C91BC942}") = "TextureGraph", "TextureGraph\TextureGraph.vcxproj", "{C0F94AFA-466F-4FC4-B5C1-6CD955F3FF88}"
EndProject
Project("{8BC9CEB8-8B4A-11D0-8D11-00A0C91BC942}") = "ComplementaryFilter", "ComplementaryFilter\ComplementaryFilter.vcxproj", "{94AE8368-9195-4467-8CF1-350095F74108}"
EndProject
Global
	GlobalSection(SolutionConfigurationPlatforms) = preSolution
		Debug|Any CPU = Debug|Any CPU
		Debug|ARM = Debug|ARM
		Debug|Mixed Platforms = Debug|Mixed Platforms
		Debug|Win32 = Debug|Win32
		Debug|x86 = Debug|x86
		Release|Any CPU = Release|Any CPU
		Release|ARM = Release|ARM
		Release|Mixed Platforms = Release|Mixed Platforms
		Release|Win32 = Release|Win32
		Release|x86 = Release|x86
	EndGlobalSection
	GlobalSection(ProjectConfigurationPlatforms) = postSolution
		{80E7AC8A-EC13-41D9-A969-F3E45FEC4217}.Debug|Any CPU.ActiveCfg = Debug|Any CPU
		{80E7AC8A-EC13-41D9-A969-F3E45FEC4217}.Debug|Any CPU.Build.0 = Debug|Any CPU
		{80E7AC8A-EC13-41D9-A969-F3E45FEC4217}.Debug|Any CPU.Deploy.0 = Debug|Any CPU
		{80E7AC8A-EC13-41D9-A969-F3E45FEC4217}.Debug|ARM.ActiveCfg = Debug|ARM
		{80E7AC8A-EC13-41D9-A969-F3E45FEC4217}.Debug|ARM.Build.0 = Debug|ARM
		{80E7AC8A-EC13-41D9-A969-F3E45FEC4217}.Debug|ARM.Deploy.0 = Debug|ARM
		{80E7AC8A-EC13-41D9-A969-F3E45FEC4217}.Debug|Mixed Platforms.ActiveCfg = Debug|x86
		{80E7AC8A-EC13-41D9-A969-F3E45FEC4217}.Debug|Mixed Platforms.Build.0 = Debug|x86
		{80E7AC8A-EC13-41D9-A969-F3E45FEC4217}.Debug|Mixed Platforms.Deploy.0 = Debug|x86
		{80E7AC8A-EC13-41D9-A969-F3E45FEC4217}.Debug|Win32.ActiveCfg = Debug|x86
		{80E7AC8A-EC13-41D9-A969-F3E45FEC4217}.Debug|Win32.Build.0 = Debug|x86
		{80E7AC8A-EC13-41D9-A969-F3E45FEC4217}.Debug|Win32.Deploy.0 = Debug|x86
		{80E7AC8A-EC13-41D9-A969-F3E45FEC4217}.Debug|x86.ActiveCfg = Debug|x86
		{80E7AC8A-EC13-41D9-A969-F3E45FEC4217}.Debug|x86.Build.0 = Debug|x86
		{80E7AC8A-EC13-41D9-A969-F3E45FEC4217}.Debug|x86.Deploy.0 = Debug|x86
		{80E7AC8A-EC13-41D9-A969-F3E45FEC4217}.Release|Any CPU.ActiveCfg = Release|Any CPU
		{80E7AC8A-EC13-41D9-A969-F3E45FEC4217}.Release|Any CPU.Build.0 = Release|Any CPU
		{80E7AC8A-EC13-41D9-A969-F3E45FEC4217}.Release|Any CPU.Deploy.0 = Release|Any CPU
		{80E7AC8A-EC13-41D9-A969-F3E45FEC4217}.Release|ARM.ActiveCfg = Release|ARM
		{80E7AC8A-EC13-41D9-A969-F3E45FEC4217}.Release|ARM.Build.0 = Release|ARM
		{80E7AC8A-EC13-41D9-A969-F3E45FEC4217}.Release|ARM.Deploy.0 = Release|ARM
		{80E7AC8A-EC13-41D9-A969-F3E45FEC4217}.Release|Mixed Platforms.ActiveCfg = Release|x86
		{80E7AC8A-EC13-41D9-A969-F3E45FEC4217}.Release|Mixed Platforms.Build.0 = Release|x86
		{80E7AC8A-EC13-41D9-A969-F3E45FEC4217}.Release|Mixed Platforms.Deploy.0 = Release|x86
		{80E7AC8A-EC13-41D9-A969-F3E45FEC4217}.Release|Win32.ActiveCfg = Release|x86
		{80E7AC8A-EC13-41D9-A969-F3E45FEC4217}.Release|Win32.Build.0 = Release|x86
		{80E7AC8A-EC13-41D9-A969-F3E45FEC4217}.Release|Win32.Deploy.0 = Release|x86
		{80E7AC8A-EC13-41D9-A969-F3E45FEC4217}.Release|x86.ActiveCfg = Release|x86
		{80E7AC8A-EC13-41D9-A969-F3E45FEC4217}.Release|x86.Build.0 = Release|x86
		{80E7AC8A-EC13-41D9-A969-F3E45FEC4217}.Release|x86.Deploy.0 = Release|x86
		{F60304A6-1412-466E-B954-B667812AAF4E}.Debug|Any CPU.ActiveCfg = Debug|Win32
		{F60304A6-1412-466E-B954-B667812AAF4E}.Debug|ARM.ActiveCfg = Debug|ARM
		{F60304A6-1412-466E-B954-B667812AAF4E}.Debug|ARM.Build.0 = Debug|ARM
		{F60304A6-1412-466E-B954-B667812AAF4E}.Debug|Mixed Platforms.ActiveCfg = Debug|Win32
		{F60304A6-1412-466E-B954-B667812AAF4E}.Debug|Mixed Platforms.Build.0 = Debug|Win32
		{F60304A6-1412-466E-B954-B667812AAF4E}.Debug|Win32.ActiveCfg = Debug|Win32
		{F60304A6-1412-466E-B954-B667812AAF4E}.Debug|Win32.Build.0 = Debug|Win32
		{F60304A6-1412-466E-B954-B667812AAF4E}.Debug|x86.ActiveCfg = Debug|Win32
		{F60304A6-1412-466E-B954-B667812AAF4E}.Debug|x86.Build.0 = Debug|Win32
		{F60304A6-1412-466E-B954-B667812AAF4E}.Release|Any CPU.ActiveCfg = Release|Win32
		{F60304A6-1412-466E-B954-B667812AAF4E}.Release|ARM.ActiveCfg = Release|ARM
		{F60304A6-1412-466E-B954-B667812AAF4E}.Release|ARM.Build.0 = Release|ARM
		{F60304A6-1412-466E-B954-B667812AAF4E}.Release|Mixed Platforms.ActiveCfg = Release|Win32
		{F60304A6-1412-466E-B954-B667812AAF4E}.Release|Mixed Platforms.Build.0 = Release|Win32
		{F60304A6-1412-466E-B954-B667812AAF4E}.Release|Win32.ActiveCfg = Release|Win32
		{F60304A6-1412-466E-B954-B667812AAF4E}.Release|Win32.Build.0 = Release|Win32
		{F60304A6-1412-466E-B954-B667812AAF4E}.Release|x86.ActiveCfg = Release|Win32
		{F60304A6-1412-466E-B954-B667812AAF4E}.Release|x86.Build.0 = Release|Win32
		{00982CCD-9513-4287-809F-11FB394E44DB}.Debug|Any CPU.ActiveCfg = Debug|Win32
		{00982CCD-9513-4287-809F-11FB394E44DB}.Debug|ARM.ActiveCfg = Debug|ARM
		{00982CCD-9513-4287-809F-11FB394E44DB}.Debug|ARM.Build.0 = Debug|ARM
		{00982CCD-9513-4287-809F-11FB394E44DB}.Debug|Mixed Platforms.ActiveCfg = Debug|Win32
		{00982CCD-9513-4287-809F-11FB394E44DB}.Debug|Mixed Platforms.Build.0 = Debug|Win32
		{00982CCD-9513-4287-809F-11FB394E44DB}.Debug|Win32.ActiveCfg = Debug|Win32
		{00982CCD-9513-4287-809F-11FB394E44DB}.Debug|Win32.Build.0 = Debug|Win32
		{00982CCD-9513-4287-809F-11FB394E44DB}.Debug|x86.ActiveCfg = Debug|Win32
		{00982CCD-9513-4287-809F-11FB394E44DB}.Debug|x86.Build.0 = Debug|Win32
		{00982CCD-9513-4287-809F-11FB394E44DB}.Release|Any CPU.ActiveCfg = Release|Win32
		{00982CCD-9513-4287-809F-11FB394E44DB}.Release|ARM.ActiveCfg = Release|ARM
		{00982CCD-9513-4287-809F-11FB394E44DB}.Release|ARM.Build.0 = Release|ARM
		{00982CCD-9513-4287-809F-11FB394E44DB}.Release|Mixed Platforms.ActiveCfg = Release|Win32
		{00982CCD-9513-4287-809F-11FB394E44DB}.Release|Mixed Platforms.Build.0 = Release|Win32
		{00982CCD-9513-4287-809F-11FB394E44DB}.Release|Win32.ActiveCfg = Release|Win32
		{00982CCD-9513-4287-809F-11FB394E44DB}.Release|Win32.Build.0 = Release|Win32
		{00982CCD-9513-4287-809F-11FB394E44DB}.Release|x86.ActiveCfg = Release|Win32
		{00982CCD-9513-4287-809F-11FB394E44DB}.Release|x86.Build.0 = Release|Win32
		{C953E3EB-12F6-4697-B3E3-EB495F606AD9}.Debug|Any CPU.ActiveCfg = Debug|Win32
		{C953E3EB-12F6-4697-B3E3-EB495F606AD9}.Debug|ARM.ActiveCfg = Debug|ARM
		{C953E3EB-12F6-4697-B3E3-EB495F606AD9}.Debug|ARM.Build.0 = Debug|ARM
		{C953E3EB-12F6-4697-B3E3-EB495F606AD9}.Debug|Mixed Platforms.ActiveCfg = Debug|Win32
		{C953E3EB-12F6-4697-B3E3-EB495F606AD9}.Debug|Mixed Platforms.Build.0 = Debug|Win32
		{C953E3EB-12F6-4697-B3E3-EB495F606AD9}.Debug|Win32.ActiveCfg = Debug|Win32
		{C953E3EB-12F6-4697-B3E3-EB495F606AD9}.Debug|Win32.Build.0 = Debug|Win32
		{C953E3EB-12F6-4697-B3E3-EB495F606AD9}.Debug|x86.ActiveCfg = Debug|Win32
		{C953E3EB-12F6-4697-B3E3-EB495F606AD9}.Debug|x86.Build.0 = Debug|Win32
		{C953E3EB-12F6-4697-B3E3-EB495F606AD9}.Release|Any CPU.ActiveCfg = Release|Win32
		{C953E3EB-12F6-4697-B3E3-EB495F606AD9}.Release|ARM.ActiveCfg = Release|ARM
		{C953E3EB-12F6-4697-B3E3-EB495F606AD9}.Release|ARM.Build.0 = Release|ARM
		{C953E3EB-12F6-4697-B3E3-EB495F606AD9}.Release|Mixed Platforms.ActiveCfg = Release|Win32
		{C953E3EB-12F6-4697-B3E3-EB495F606AD9}.Release|Mixed Platforms.Build.0 = Release|Win32
		{C953E3EB-12F6-4697-B3E3-EB495F606AD9}.Release|Win32.ActiveCfg = Release|Win32
		{C953E3EB-12F6-4697-B3E3-EB495F606AD9}.Release|Win32.Build.0 = Release|Win32
		{C953E3EB-12F6-4697-B3E3-EB495F606AD9}.Release|x86.ActiveCfg = Release|Win32
		{C953E3EB-12F6-4697-B3E3-EB495F606AD9}.Release|x86.Build.0 = Release|Win32
		{C0F94AFA-466F-4FC4-B5C1-6CD955F3FF88}.Debug|Any CPU.ActiveCfg = Debug|Win32
		{C0F94AFA-466F-4FC4-B5C1-6CD955F3FF88}.Debug|ARM.ActiveCfg = Debug|ARM
		{C0F94AFA-466F-4FC4-B5C1-6CD955F3FF88}.Debug|ARM.Build.0 = Debug|ARM
		{C0F94AFA-466F-4FC4-B5C1-6CD955F3FF88}.Debug|Mixed Platforms.ActiveCfg = Debug|Win32
		{C0F94AFA-466F-4FC4-B5C1-6CD955F3FF88}.Debug|Mixed Platforms.Build.0 = Debug|Win32
		{C0F94AFA-466F-4FC4-B5C1-6CD955F3FF88}.Debug|Win32.ActiveCfg = Debug|Win32
		{C0F94AFA-466F-4FC4-B5C1-6CD955F3FF88}.Debug|Win32.Build.0 = Debug|Win32
		{C0F94AFA-466F-4FC4-B5C1-6CD955F3FF88}.Debug|x86.ActiveCfg = Debug|Win32
		{C0F94AFA-466F-4FC4-B5C1-6CD955F3FF88}.Debug|x86.Build.0 = Debug|Win32
		{C0F94AFA-466F-4FC4-B5C1-6CD955F3FF88}.Release|Any CPU.ActiveCfg = Release|Win32
		{C0F94AFA-466F-4FC4-B5C1-6CD955F3FF88}.Release|ARM.ActiveCfg = Release|ARM
		{C0F94AFA-466F-4FC4-B5C1-6CD955F3FF88}.Release|ARM.Build.0 = Release|ARM
		{C0F94AFA-466F-4FC4-B5C1-6CD955F3FF88}.Release|Mixed Platforms.ActiveCfg = Release|Win32
		{C0F94AFA-466F-4FC4-B5C1-6CD955F3FF88}.Release|Mixed Platforms.Build.0 = Release|Win32
		{C0F94AFA-466F-4FC4-B5C1-6CD955F3FF88}.Release|Win32.ActiveCfg = Release|Win32
		{C0F94AFA-466F-4FC4-B5C1-6CD955F3FF88}.Release|Win32.Build.0 = Release|Win32
		{C0F94AFA-466F-4FC4-B5C1-6CD955F3FF88}.Release|x86.ActiveCfg = Release|Win32
		{C0F94AFA-466F-4FC4-B5C1-6CD955F3FF88}.Release|x86.Build.0 = Release|Win32
		{94AE8368-9195-4467-8CF1-350095F74108}.Debug|Any CPU.ActiveCfg = Debug|Win32
		{94AE8368-9195-4467-8CF1-350095F74108}.Debug|ARM.ActiveCfg = Debug|ARM
		{94AE8368-9195-4467-8CF1-350095F74108}.Debug|ARM.Build.0 = Debug|ARM
		{94AE8368-9195-4467-8CF1-350095F74108}.Debug|Mixed Platforms.ActiveCfg = Debug|Win32
		{94AE8368-9195-4467-8CF1-350095F74108}.Debug|Mixed Platforms.Build.0 = Debug|Win32
		{94AE8368-9195-4467-8CF1-350095F74108}.Debug|Win32.ActiveCfg = Debug|Win32
		{94AE8368-9195-4467-8CF1-350095F74108}.Debug|Win32.Build.0 = Debug|Win32
		{94AE8368-9195-4467-8CF1-350095F74108}.Debug|x86.ActiveCfg = Debug|Win32
		{94AE8368-9195-4467-8CF1-350095F74108}.Debug|x86.Build.0 = Debug|Win32
		{94AE8368-9195-4467-8CF1-350095F74108}.Release|Any CPU.ActiveCfg = Release|Win32
		{94AE8368-9195-4467-8CF1-350095F74108}.Release|ARM.ActiveCfg = Release|ARM
		{94AE8368-9195-4467-8CF1-350095F74108}.Release|ARM.Build.0 = Release|ARM
		{94AE8368-9195-4467-8CF1-350095F74108}.Release|Mixed Platforms.ActiveCfg = Release|Win32
		{94AE8368-9195-4467-8CF1-350095F74108}.Release|Mixed Platforms.Build.0 = Release|Win32
		{94AE8368-9195-4467-8CF1-350095F74108}.Release|Win32.ActiveCfg = Release|Win32
		{94AE8368-9195-4467-8CF1-350095F74108}.Release|Win32.Build.0 = Release|Win32
		{94AE8368-9195-4467-8CF1-350095F74108}.Release|x86.ActiveCfg = Release|Win32
		{94AE8368-9195-4467-8CF1-350095F74108}.Release|x86.Build.0 = Release|Win32
	EndGlobalSection
	GlobalSection(SolutionProperties) = preSolution
		HideSolutionNode = FALSE
	EndGlobalSection
EndGlobal
